
Microsoft Visual Studio Solution File, Format Version 12.00
# Visual Studio 15
VisualStudioVersion = 15.0.28307.421
MinimumVisualStudioVersion = 10.0.40219.1
Project("{FAE04EC0-301F-11D3-BF4B-00C04F79EFBC}") = "Modbus_Test", "Modbus_Test\Modbus_Test.csproj", "{E6CF8C06-82F4-4B29-BF55-0C186248A74C}"
EndProject
Project("{2150E333-8FDC-42A3-9474-1A3956D46DE8}") = "Solution Items", "Solution Items", "{336731DA-5E6C-4488-BD16-67E40F38A887}"
EndProject
Global
	GlobalSection(SolutionConfigurationPlatforms) = preSolution
		Debug|Any CPU = Debug|Any CPU
		Release|Any CPU = Release|Any CPU
	EndGlobalSection
	GlobalSection(ProjectConfigurationPlatforms) = postSolution
		{E6CF8C06-82F4-4B29-BF55-0C186248A74C}.Debug|Any CPU.ActiveCfg = Debug|Any CPU
		{E6CF8C06-82F4-4B29-BF55-0C186248A74C}.Debug|Any CPU.Build.0 = Debug|Any CPU
		{E6CF8C06-82F4-4B29-BF55-0C186248A74C}.Release|Any CPU.ActiveCfg = Release|Any CPU
		{E6CF8C06-82F4-4B29-BF55-0C186248A74C}.Release|Any CPU.Build.0 = Release|Any CPU
	EndGlobalSection
	GlobalSection(SolutionProperties) = preSolution
		HideSolutionNode = FALSE
	EndGlobalSection
	GlobalSection(ExtensibilityGlobals) = postSolution
		SolutionGuid = {BB9054B7-A82F-4B00-9B19-FEC7C68612AA}
	EndGlobalSection
EndGlobal
